
Microsoft Visual Studio Solution File, Format Version 12.00
# Visual Studio 14
VisualStudioVersion = 14.0.23107.0
MinimumVisualStudioVersion = 10.0.40219.1
Project("{FAE04EC0-301F-11D3-BF4B-00C04F79EFBC}") = "Rahnemun.Web", "Rahnemun.Web\Rahnemun.Web.csproj", "{E47EA287-1EE7-4BEB-95C2-CFD4B12657A0}"
EndProject
Project("{2150E333-8FDC-42A3-9474-1A3956D46DE8}") = "Contracts", "Contracts", "{481108C0-6759-4D22-A7B6-DB095F02B9DC}"
EndProject
Project("{2150E333-8FDC-42A3-9474-1A3956D46DE8}") = "Modules", "Modules", "{48070B62-2E9A-4E18-AF93-D4DA91AEAACF}"
EndProject
Project("{FAE04EC0-301F-11D3-BF4B-00C04F79EFBC}") = "Rahnemun.Common", "Rahnemun.Common\Rahnemun.Common.csproj", "{BDCCA5CD-E609-46CF-B713-F4B4ED284767}"
EndProject
Project("{FAE04EC0-301F-11D3-BF4B-00C04F79EFBC}") = "Rahnemun.Domain", "Rahnemun.Domain\Rahnemun.Domain.csproj", "{3B242658-EA34-453A-A492-255E3150770D}"
EndProject
Project("{FAE04EC0-301F-11D3-BF4B-00C04F79EFBC}") = "Rahnemun.CategoryContracts", "Rahnemun.Web\Contracts\Rahnemun.CategoryContracts\Rahnemun.CategoryContracts.csproj", "{77BC5EE8-BF75-452E-BA92-79E377CF4A5D}"
EndProject
Project("{FAE04EC0-301F-11D3-BF4B-00C04F79EFBC}") = "Rahnemun.Category", "Rahnemun.Web\Modules\Rahnemun.Category\Rahnemun.Category.csproj", "{5D3EF063-680B-44EE-9D35-E2B2F3386933}"
EndProject
Project("{FAE04EC0-301F-11D3-BF4B-00C04F79EFBC}") = "Rahnemun.Layout", "Rahnemun.Web\Modules\Rahnemun.Layout\Rahnemun.Layout.csproj", "{87BCDE6F-6B62-4B61-87EC-5DABEF4B75DC}"
EndProject
Project("{FAE04EC0-301F-11D3-BF4B-00C04F79EFBC}") = "Rahnemun.User", "Rahnemun.Web\Modules\Rahnemun.User\Rahnemun.User.csproj", "{836EB360-135C-462E-8FE1-26CEA7F1CD46}"
EndProject
Project("{FAE04EC0-301F-11D3-BF4B-00C04F79EFBC}") = "Rahnemun.UserContracts", "Rahnemun.Web\Contracts\Rahnemun.UserContracts\Rahnemun.UserContracts.csproj", "{16F223F9-DD7F-4D92-BF57-913B31FBE6F8}"
EndProject
Project("{FAE04EC0-301F-11D3-BF4B-00C04F79EFBC}") = "Rahnemun.MediaContracts", "Rahnemun.Web\Contracts\Rahnemun.MediaContracts\Rahnemun.MediaContracts.csproj", "{82166F7F-3FE6-4772-B8AF-795883C58AE9}"
EndProject
Project("{FAE04EC0-301F-11D3-BF4B-00C04F79EFBC}") = "Rahnemun.Media", "Rahnemun.Web\Modules\Rahnemun.Media\Rahnemun.Media.csproj", "{8F922265-4DFF-45A3-B76F-6BBDD82BAC0F}"
EndProject
Project("{FAE04EC0-301F-11D3-BF4B-00C04F79EFBC}") = "Rahnemun.JavaScript", "Rahnemun.Web\Modules\Rahnemun.JavaScript\Rahnemun.JavaScript.csproj", "{7F14DA1F-50E2-4392-8CE7-FEF9C66F54CE}"
EndProject
Project("{FAE04EC0-301F-11D3-BF4B-00C04F79EFBC}") = "Rahnemun.CaptchaContracts", "Rahnemun.Web\Contracts\Rahnemun.CaptchaContracts\Rahnemun.CaptchaContracts.csproj", "{004CE51E-7C18-4E65-832F-9D6259A02503}"
EndProject
Project("{FAE04EC0-301F-11D3-BF4B-00C04F79EFBC}") = "Rahnemun.Captcha", "Rahnemun.Web\Modules\Rahnemun.Captcha\Rahnemun.Captcha.csproj", "{74593C2C-E277-4CFB-B679-E03329AB7AC2}"
EndProject
Project("{FAE04EC0-301F-11D3-BF4B-00C04F79EFBC}") = "Rahnemun.SessionContracts", "Rahnemun.Web\Contracts\Rahnemun.SessionContracts\Rahnemun.SessionContracts.csproj", "{CA357F75-B9A3-49C8-8111-FEDF9DC55719}"
EndProject
Project("{FAE04EC0-301F-11D3-BF4B-00C04F79EFBC}") = "Rahnemun.Session", "Rahnemun.Web\Modules\Rahnemun.Session\Rahnemun.Session.csproj", "{55E21EC2-767B-4349-9997-9E54E3CC11E6}"
EndProject
Project("{FAE04EC0-301F-11D3-BF4B-00C04F79EFBC}") = "Rahnemun.Database", "Rahnemun.Database\Rahnemun.Database.csproj", "{A38D632B-789B-48B6-B210-2DE520DF5467}"
EndProject
Project("{FAE04EC0-301F-11D3-BF4B-00C04F79EFBC}") = "Rahnemun.PaymentContracts", "Rahnemun.Web\Contracts\Rahnemun.PaymentContracts\Rahnemun.PaymentContracts.csproj", "{56BF0FE8-C014-4EAE-811C-D3792087FBB6}"
EndProject
Project("{FAE04EC0-301F-11D3-BF4B-00C04F79EFBC}") = "Rahnemun.Payment", "Rahnemun.Web\Modules\Rahnemun.Payment\Rahnemun.Payment.csproj", "{DBB42EF1-34FA-4218-83CD-291D84B91227}"
EndProject
Project("{FAE04EC0-301F-11D3-BF4B-00C04F79EFBC}") = "Rahnemun.UIContracts", "Rahnemun.Web\Contracts\Rahnemun.UIContracts\Rahnemun.UIContracts.csproj", "{CFF90843-2BDE-43D6-82F3-C4B57C272732}"
EndProject
Project("{FAE04EC0-301F-11D3-BF4B-00C04F79EFBC}") = "Rahnemun.HomeContracts", "Rahnemun.Web\Contracts\Rahnemun.HomeContracts\Rahnemun.HomeContracts.csproj", "{AA0C30ED-E2CE-424B-B0D4-4FF87CFD0270}"
EndProject
Project("{FAE04EC0-301F-11D3-BF4B-00C04F79EFBC}") = "Rahnemun.Home", "Rahnemun.Web\Modules\Rahnemun.Home\Rahnemun.Home.csproj", "{11560BF2-E898-4C82-AA2F-5E5AA1188946}"
EndProject
Project("{FAE04EC0-301F-11D3-BF4B-00C04F79EFBC}") = "Rahnemun.EmailContracts", "Rahnemun.Web\Contracts\Rahnemun.EmailContracts\Rahnemun.EmailContracts.csproj", "{0242DAA3-6823-48E3-9AFD-FEF5F7EB733F}"
EndProject
Project("{FAE04EC0-301F-11D3-BF4B-00C04F79EFBC}") = "Rahnemun.Email", "Rahnemun.Web\Modules\Rahnemun.Email\Rahnemun.Email.csproj", "{0B403571-418F-4674-9883-6B00DA62C068}"
EndProject
Project("{FAE04EC0-301F-11D3-BF4B-00C04F79EFBC}") = "Rahnemun.ContactUsContracts", "Rahnemun.Web\Contracts\Rahnemun.ContactUsContracts\Rahnemun.ContactUsContracts.csproj", "{BB985E42-EFB5-42F9-8C6E-B96A494C2DA9}"
EndProject
Project("{FAE04EC0-301F-11D3-BF4B-00C04F79EFBC}") = "Rahnemun.ContactUs", "Rahnemun.Web\Modules\Rahnemun.ContactUs\Rahnemun.ContactUs.csproj", "{47D3DFC9-C587-4424-B7AA-6E9533227A3B}"
EndProject
Project("{FAE04EC0-301F-11D3-BF4B-00C04F79EFBC}") = "Rahnemun.Blog", "Rahnemun.Web\Modules\Rahnemun.Blog\Rahnemun.Blog.csproj", "{6E23E77A-19DF-45D5-8C58-58E434082B80}"
EndProject
Project("{FAE04EC0-301F-11D3-BF4B-00C04F79EFBC}") = "Rahnemun.BlogContracts", "Rahnemun.Web\Contracts\Rahnemun.BlogContracts\Rahnemun.BlogContracts.csproj", "{71517E91-40EE-4795-B3B4-C8177ADDCE3B}"
EndProject
Global
	GlobalSection(SolutionConfigurationPlatforms) = preSolution
		Debug|Any CPU = Debug|Any CPU
		Release|Any CPU = Release|Any CPU
	EndGlobalSection
	GlobalSection(ProjectConfigurationPlatforms) = postSolution
		{E47EA287-1EE7-4BEB-95C2-CFD4B12657A0}.Debug|Any CPU.ActiveCfg = Debug|Any CPU
		{E47EA287-1EE7-4BEB-95C2-CFD4B12657A0}.Debug|Any CPU.Build.0 = Debug|Any CPU
		{E47EA287-1EE7-4BEB-95C2-CFD4B12657A0}.Release|Any CPU.ActiveCfg = Release|Any CPU
		{E47EA287-1EE7-4BEB-95C2-CFD4B12657A0}.Release|Any CPU.Build.0 = Release|Any CPU
		{BDCCA5CD-E609-46CF-B713-F4B4ED284767}.Debug|Any CPU.ActiveCfg = Debug|Any CPU
		{BDCCA5CD-E609-46CF-B713-F4B4ED284767}.Debug|Any CPU.Build.0 = Debug|Any CPU
		{BDCCA5CD-E609-46CF-B713-F4B4ED284767}.Release|Any CPU.ActiveCfg = Release|Any CPU
		{BDCCA5CD-E609-46CF-B713-F4B4ED284767}.Release|Any CPU.Build.0 = Release|Any CPU
		{3B242658-EA34-453A-A492-255E3150770D}.Debug|Any CPU.ActiveCfg = Debug|Any CPU
		{3B242658-EA34-453A-A492-255E3150770D}.Debug|Any CPU.Build.0 = Debug|Any CPU
		{3B242658-EA34-453A-A492-255E3150770D}.Release|Any CPU.ActiveCfg = Release|Any CPU
		{3B242658-EA34-453A-A492-255E3150770D}.Release|Any CPU.Build.0 = Release|Any CPU
		{77BC5EE8-BF75-452E-BA92-79E377CF4A5D}.Debug|Any CPU.ActiveCfg = Debug|Any CPU
		{77BC5EE8-BF75-452E-BA92-79E377CF4A5D}.Debug|Any CPU.Build.0 = Debug|Any CPU
		{77BC5EE8-BF75-452E-BA92-79E377CF4A5D}.Release|Any CPU.ActiveCfg = Release|Any CPU
		{77BC5EE8-BF75-452E-BA92-79E377CF4A5D}.Release|Any CPU.Build.0 = Release|Any CPU
		{5D3EF063-680B-44EE-9D35-E2B2F3386933}.Debug|Any CPU.ActiveCfg = Debug|Any CPU
		{5D3EF063-680B-44EE-9D35-E2B2F3386933}.Debug|Any CPU.Build.0 = Debug|Any CPU
		{5D3EF063-680B-44EE-9D35-E2B2F3386933}.Release|Any CPU.ActiveCfg = Release|Any CPU
		{5D3EF063-680B-44EE-9D35-E2B2F3386933}.Release|Any CPU.Build.0 = Release|Any CPU
		{87BCDE6F-6B62-4B61-87EC-5DABEF4B75DC}.Debug|Any CPU.ActiveCfg = Debug|Any CPU
		{87BCDE6F-6B62-4B61-87EC-5DABEF4B75DC}.Debug|Any CPU.Build.0 = Debug|Any CPU
		{87BCDE6F-6B62-4B61-87EC-5DABEF4B75DC}.Release|Any CPU.ActiveCfg = Release|Any CPU
		{87BCDE6F-6B62-4B61-87EC-5DABEF4B75DC}.Release|Any CPU.Build.0 = Release|Any CPU
		{836EB360-135C-462E-8FE1-26CEA7F1CD46}.Debug|Any CPU.ActiveCfg = Debug|Any CPU
		{836EB360-135C-462E-8FE1-26CEA7F1CD46}.Debug|Any CPU.Build.0 = Debug|Any CPU
		{836EB360-135C-462E-8FE1-26CEA7F1CD46}.Release|Any CPU.ActiveCfg = Release|Any CPU
		{836EB360-135C-462E-8FE1-26CEA7F1CD46}.Release|Any CPU.Build.0 = Release|Any CPU
		{16F223F9-DD7F-4D92-BF57-913B31FBE6F8}.Debug|Any CPU.ActiveCfg = Debug|Any CPU
		{16F223F9-DD7F-4D92-BF57-913B31FBE6F8}.Debug|Any CPU.Build.0 = Debug|Any CPU
		{16F223F9-DD7F-4D92-BF57-913B31FBE6F8}.Release|Any CPU.ActiveCfg = Release|Any CPU
		{16F223F9-DD7F-4D92-BF57-913B31FBE6F8}.Release|Any CPU.Build.0 = Release|Any CPU
		{82166F7F-3FE6-4772-B8AF-795883C58AE9}.Debug|Any CPU.ActiveCfg = Debug|Any CPU
		{82166F7F-3FE6-4772-B8AF-795883C58AE9}.Debug|Any CPU.Build.0 = Debug|Any CPU
		{82166F7F-3FE6-4772-B8AF-795883C58AE9}.Release|Any CPU.ActiveCfg = Release|Any CPU
		{82166F7F-3FE6-4772-B8AF-795883C58AE9}.Release|Any CPU.Build.0 = Release|Any CPU
		{8F922265-4DFF-45A3-B76F-6BBDD82BAC0F}.Debug|Any CPU.ActiveCfg = Debug|Any CPU
		{8F922265-4DFF-45A3-B76F-6BBDD82BAC0F}.Debug|Any CPU.Build.0 = Debug|Any CPU
		{8F922265-4DFF-45A3-B76F-6BBDD82BAC0F}.Release|Any CPU.ActiveCfg = Release|Any CPU
		{8F922265-4DFF-45A3-B76F-6BBDD82BAC0F}.Release|Any CPU.Build.0 = Release|Any CPU
		{7F14DA1F-50E2-4392-8CE7-FEF9C66F54CE}.Debug|Any CPU.ActiveCfg = Debug|Any CPU
		{7F14DA1F-50E2-4392-8CE7-FEF9C66F54CE}.Debug|Any CPU.Build.0 = Debug|Any CPU
		{7F14DA1F-50E2-4392-8CE7-FEF9C66F54CE}.Release|Any CPU.ActiveCfg = Release|Any CPU
		{7F14DA1F-50E2-4392-8CE7-FEF9C66F54CE}.Release|Any CPU.Build.0 = Release|Any CPU
		{004CE51E-7C18-4E65-832F-9D6259A02503}.Debug|Any CPU.ActiveCfg = Debug|Any CPU
		{004CE51E-7C18-4E65-832F-9D6259A02503}.Debug|Any CPU.Build.0 = Debug|Any CPU
		{004CE51E-7C18-4E65-832F-9D6259A02503}.Release|Any CPU.ActiveCfg = Release|Any CPU
		{004CE51E-7C18-4E65-832F-9D6259A02503}.Release|Any CPU.Build.0 = Release|Any CPU
		{74593C2C-E277-4CFB-B679-E03329AB7AC2}.Debug|Any CPU.ActiveCfg = Debug|Any CPU
		{74593C2C-E277-4CFB-B679-E03329AB7AC2}.Debug|Any CPU.Build.0 = Debug|Any CPU
		{74593C2C-E277-4CFB-B679-E03329AB7AC2}.Release|Any CPU.ActiveCfg = Release|Any CPU
		{74593C2C-E277-4CFB-B679-E03329AB7AC2}.Release|Any CPU.Build.0 = Release|Any CPU
		{CA357F75-B9A3-49C8-8111-FEDF9DC55719}.Debug|Any CPU.ActiveCfg = Debug|Any CPU
		{CA357F75-B9A3-49C8-8111-FEDF9DC55719}.Debug|Any CPU.Build.0 = Debug|Any CPU
		{CA357F75-B9A3-49C8-8111-FEDF9DC55719}.Release|Any CPU.ActiveCfg = Release|Any CPU
		{CA357F75-B9A3-49C8-8111-FEDF9DC55719}.Release|Any CPU.Build.0 = Release|Any CPU
		{55E21EC2-767B-4349-9997-9E54E3CC11E6}.Debug|Any CPU.ActiveCfg = Debug|Any CPU
		{55E21EC2-767B-4349-9997-9E54E3CC11E6}.Debug|Any CPU.Build.0 = Debug|Any CPU
		{55E21EC2-767B-4349-9997-9E54E3CC11E6}.Release|Any CPU.ActiveCfg = Release|Any CPU
		{55E21EC2-767B-4349-9997-9E54E3CC11E6}.Release|Any CPU.Build.0 = Release|Any CPU
		{A38D632B-789B-48B6-B210-2DE520DF5467}.Debug|Any CPU.ActiveCfg = Debug|Any CPU
		{A38D632B-789B-48B6-B210-2DE520DF5467}.Debug|Any CPU.Build.0 = Debug|Any CPU
		{A38D632B-789B-48B6-B210-2DE520DF5467}.Release|Any CPU.ActiveCfg = Release|Any CPU
		{A38D632B-789B-48B6-B210-2DE520DF5467}.Release|Any CPU.Build.0 = Release|Any CPU
		{56BF0FE8-C014-4EAE-811C-D3792087FBB6}.Debug|Any CPU.ActiveCfg = Debug|Any CPU
		{56BF0FE8-C014-4EAE-811C-D3792087FBB6}.Debug|Any CPU.Build.0 = Debug|Any CPU
		{56BF0FE8-C014-4EAE-811C-D3792087FBB6}.Release|Any CPU.ActiveCfg = Release|Any CPU
		{56BF0FE8-C014-4EAE-811C-D3792087FBB6}.Release|Any CPU.Build.0 = Release|Any CPU
		{DBB42EF1-34FA-4218-83CD-291D84B91227}.Debug|Any CPU.ActiveCfg = Debug|Any CPU
		{DBB42EF1-34FA-4218-83CD-291D84B91227}.Debug|Any CPU.Build.0 = Debug|Any CPU
		{DBB42EF1-34FA-4218-83CD-291D84B91227}.Release|Any CPU.ActiveCfg = Release|Any CPU
		{DBB42EF1-34FA-4218-83CD-291D84B91227}.Release|Any CPU.Build.0 = Release|Any CPU
		{CFF90843-2BDE-43D6-82F3-C4B57C272732}.Debug|Any CPU.ActiveCfg = Debug|Any CPU
		{CFF90843-2BDE-43D6-82F3-C4B57C272732}.Debug|Any CPU.Build.0 = Debug|Any CPU
		{CFF90843-2BDE-43D6-82F3-C4B57C272732}.Release|Any CPU.ActiveCfg = Release|Any CPU
		{CFF90843-2BDE-43D6-82F3-C4B57C272732}.Release|Any CPU.Build.0 = Release|Any CPU
		{AA0C30ED-E2CE-424B-B0D4-4FF87CFD0270}.Debug|Any CPU.ActiveCfg = Debug|Any CPU
		{AA0C30ED-E2CE-424B-B0D4-4FF87CFD0270}.Debug|Any CPU.Build.0 = Debug|Any CPU
		{AA0C30ED-E2CE-424B-B0D4-4FF87CFD0270}.Release|Any CPU.ActiveCfg = Release|Any CPU
		{AA0C30ED-E2CE-424B-B0D4-4FF87CFD0270}.Release|Any CPU.Build.0 = Release|Any CPU
		{11560BF2-E898-4C82-AA2F-5E5AA1188946}.Debug|Any CPU.ActiveCfg = Debug|Any CPU
		{11560BF2-E898-4C82-AA2F-5E5AA1188946}.Debug|Any CPU.Build.0 = Debug|Any CPU
		{11560BF2-E898-4C82-AA2F-5E5AA1188946}.Release|Any CPU.ActiveCfg = Release|Any CPU
		{11560BF2-E898-4C82-AA2F-5E5AA1188946}.Release|Any CPU.Build.0 = Release|Any CPU
		{0242DAA3-6823-48E3-9AFD-FEF5F7EB733F}.Debug|Any CPU.ActiveCfg = Debug|Any CPU
		{0242DAA3-6823-48E3-9AFD-FEF5F7EB733F}.Debug|Any CPU.Build.0 = Debug|Any CPU
		{0242DAA3-6823-48E3-9AFD-FEF5F7EB733F}.Release|Any CPU.ActiveCfg = Release|Any CPU
		{0242DAA3-6823-48E3-9AFD-FEF5F7EB733F}.Release|Any CPU.Build.0 = Release|Any CPU
		{0B403571-418F-4674-9883-6B00DA62C068}.Debug|Any CPU.ActiveCfg = Debug|Any CPU
		{0B403571-418F-4674-9883-6B00DA62C068}.Debug|Any CPU.Build.0 = Debug|Any CPU
		{0B403571-418F-4674-9883-6B00DA62C068}.Release|Any CPU.ActiveCfg = Release|Any CPU
		{0B403571-418F-4674-9883-6B00DA62C068}.Release|Any CPU.Build.0 = Release|Any CPU
		{BB985E42-EFB5-42F9-8C6E-B96A494C2DA9}.Debug|Any CPU.ActiveCfg = Debug|Any CPU
		{BB985E42-EFB5-42F9-8C6E-B96A494C2DA9}.Debug|Any CPU.Build.0 = Debug|Any CPU
		{BB985E42-EFB5-42F9-8C6E-B96A494C2DA9}.Release|Any CPU.ActiveCfg = Release|Any CPU
		{BB985E42-EFB5-42F9-8C6E-B96A494C2DA9}.Release|Any CPU.Build.0 = Release|Any CPU
		{47D3DFC9-C587-4424-B7AA-6E9533227A3B}.Debug|Any CPU.ActiveCfg = Debug|Any CPU
		{47D3DFC9-C587-4424-B7AA-6E9533227A3B}.Debug|Any CPU.Build.0 = Debug|Any CPU
		{47D3DFC9-C587-4424-B7AA-6E9533227A3B}.Release|Any CPU.ActiveCfg = Release|Any CPU
		{47D3DFC9-C587-4424-B7AA-6E9533227A3B}.Release|Any CPU.Build.0 = Release|Any CPU
		{6E23E77A-19DF-45D5-8C58-58E434082B80}.Debug|Any CPU.ActiveCfg = Debug|Any CPU
		{6E23E77A-19DF-45D5-8C58-58E434082B80}.Debug|Any CPU.Build.0 = Debug|Any CPU
		{6E23E77A-19DF-45D5-8C58-58E434082B80}.Release|Any CPU.ActiveCfg = Release|Any CPU
		{6E23E77A-19DF-45D5-8C58-58E434082B80}.Release|Any CPU.Build.0 = Release|Any CPU
		{71517E91-40EE-4795-B3B4-C8177ADDCE3B}.Debug|Any CPU.ActiveCfg = Debug|Any CPU
		{71517E91-40EE-4795-B3B4-C8177ADDCE3B}.Debug|Any CPU.Build.0 = Debug|Any CPU
		{71517E91-40EE-4795-B3B4-C8177ADDCE3B}.Release|Any CPU.ActiveCfg = Release|Any CPU
		{71517E91-40EE-4795-B3B4-C8177ADDCE3B}.Release|Any CPU.Build.0 = Release|Any CPU
	EndGlobalSection
	GlobalSection(SolutionProperties) = preSolution
		HideSolutionNode = FALSE
	EndGlobalSection
	GlobalSection(NestedProjects) = preSolution
		{77BC5EE8-BF75-452E-BA92-79E377CF4A5D} = {481108C0-6759-4D22-A7B6-DB095F02B9DC}
		{5D3EF063-680B-44EE-9D35-E2B2F3386933} = {48070B62-2E9A-4E18-AF93-D4DA91AEAACF}
		{87BCDE6F-6B62-4B61-87EC-5DABEF4B75DC} = {48070B62-2E9A-4E18-AF93-D4DA91AEAACF}
		{836EB360-135C-462E-8FE1-26CEA7F1CD46} = {48070B62-2E9A-4E18-AF93-D4DA91AEAACF}
		{16F223F9-DD7F-4D92-BF57-913B31FBE6F8} = {481108C0-6759-4D22-A7B6-DB095F02B9DC}
		{82166F7F-3FE6-4772-B8AF-795883C58AE9} = {481108C0-6759-4D22-A7B6-DB095F02B9DC}
		{8F922265-4DFF-45A3-B76F-6BBDD82BAC0F} = {48070B62-2E9A-4E18-AF93-D4DA91AEAACF}
		{7F14DA1F-50E2-4392-8CE7-FEF9C66F54CE} = {48070B62-2E9A-4E18-AF93-D4DA91AEAACF}
		{004CE51E-7C18-4E65-832F-9D6259A02503} = {481108C0-6759-4D22-A7B6-DB095F02B9DC}
		{74593C2C-E277-4CFB-B679-E03329AB7AC2} = {48070B62-2E9A-4E18-AF93-D4DA91AEAACF}
		{CA357F75-B9A3-49C8-8111-FEDF9DC55719} = {481108C0-6759-4D22-A7B6-DB095F02B9DC}
		{55E21EC2-767B-4349-9997-9E54E3CC11E6} = {48070B62-2E9A-4E18-AF93-D4DA91AEAACF}
		{56BF0FE8-C014-4EAE-811C-D3792087FBB6} = {481108C0-6759-4D22-A7B6-DB095F02B9DC}
		{DBB42EF1-34FA-4218-83CD-291D84B91227} = {48070B62-2E9A-4E18-AF93-D4DA91AEAACF}
		{CFF90843-2BDE-43D6-82F3-C4B57C272732} = {481108C0-6759-4D22-A7B6-DB095F02B9DC}
		{AA0C30ED-E2CE-424B-B0D4-4FF87CFD0270} = {481108C0-6759-4D22-A7B6-DB095F02B9DC}
		{11560BF2-E898-4C82-AA2F-5E5AA1188946} = {48070B62-2E9A-4E18-AF93-D4DA91AEAACF}
		{0242DAA3-6823-48E3-9AFD-FEF5F7EB733F} = {481108C0-6759-4D22-A7B6-DB095F02B9DC}
		{0B403571-418F-4674-9883-6B00DA62C068} = {48070B62-2E9A-4E18-AF93-D4DA91AEAACF}
		{BB985E42-EFB5-42F9-8C6E-B96A494C2DA9} = {481108C0-6759-4D22-A7B6-DB095F02B9DC}
		{47D3DFC9-C587-4424-B7AA-6E9533227A3B} = {48070B62-2E9A-4E18-AF93-D4DA91AEAACF}
		{6E23E77A-19DF-45D5-8C58-58E434082B80} = {48070B62-2E9A-4E18-AF93-D4DA91AEAACF}
		{71517E91-40EE-4795-B3B4-C8177ADDCE3B} = {481108C0-6759-4D22-A7B6-DB095F02B9DC}
	EndGlobalSection
EndGlobal
